
Microsoft Visual Studio Solution File, Format Version 12.00
# Visual Studio Version 17
VisualStudioVersion = 17.0.31903.59
MinimumVisualStudioVersion = 10.0.40219.1
Project("{2150E333-8FDC-42A3-9474-1A3956D46DE8}") = "src", "src", "{4894D4E1-10C5-42C1-9BCE-A23B4ADECE21}"
EndProject
Project("{FAE04EC0-301F-11D3-BF4B-00C04F79EFBC}") = "Library", "src\Library\Library.csproj", "{63C80A0A-42E0-4D61-963A-A5802308E2E1}"
EndProject
Project("{FAE04EC0-301F-11D3-BF4B-00C04F79EFBC}") = "Program", "src\Program\Program.csproj", "{33DF1008-90E5-4C3B-B049-F89C8F544D93}"
EndProject
Project("{2150E333-8FDC-42A3-9474-1A3956D46DE8}") = "test", "test", "{87A51DCB-793C-4A52-9CAC-82CCEACA9790}"
EndProject
Project("{FAE04EC0-301F-11D3-BF4B-00C04F79EFBC}") = "Library.Tests", "test\Library.Tests\Library.Tests.csproj", "{09F03AD9-5157-4CCE-B65A-2070AB1BD83B}"
EndProject
Global
	GlobalSection(SolutionConfigurationPlatforms) = preSolution
		Debug|Any CPU = Debug|Any CPU
		Release|Any CPU = Release|Any CPU
	EndGlobalSection
	GlobalSection(SolutionProperties) = preSolution
		HideSolutionNode = FALSE
	EndGlobalSection
	GlobalSection(ProjectConfigurationPlatforms) = postSolution
		{63C80A0A-42E0-4D61-963A-A5802308E2E1}.Debug|Any CPU.ActiveCfg = Debug|Any CPU
		{63C80A0A-42E0-4D61-963A-A5802308E2E1}.Debug|Any CPU.Build.0 = Debug|Any CPU
		{63C80A0A-42E0-4D61-963A-A5802308E2E1}.Release|Any CPU.ActiveCfg = Release|Any CPU
		{63C80A0A-42E0-4D61-963A-A5802308E2E1}.Release|Any CPU.Build.0 = Release|Any CPU
		{33DF1008-90E5-4C3B-B049-F89C8F544D93}.Debug|Any CPU.ActiveCfg = Debug|Any CPU
		{33DF1008-90E5-4C3B-B049-F89C8F544D93}.Debug|Any CPU.Build.0 = Debug|Any CPU
		{33DF1008-90E5-4C3B-B049-F89C8F544D93}.Release|Any CPU.ActiveCfg = Release|Any CPU
		{33DF1008-90E5-4C3B-B049-F89C8F544D93}.Release|Any CPU.Build.0 = Release|Any CPU
		{09F03AD9-5157-4CCE-B65A-2070AB1BD83B}.Debug|Any CPU.ActiveCfg = Debug|Any CPU
		{09F03AD9-5157-4CCE-B65A-2070AB1BD83B}.Debug|Any CPU.Build.0 = Debug|Any CPU
		{09F03AD9-5157-4CCE-B65A-2070AB1BD83B}.Release|Any CPU.ActiveCfg = Release|Any CPU
		{09F03AD9-5157-4CCE-B65A-2070AB1BD83B}.Release|Any CPU.Build.0 = Release|Any CPU
	EndGlobalSection
	GlobalSection(NestedProjects) = preSolution
		{63C80A0A-42E0-4D61-963A-A5802308E2E1} = {4894D4E1-10C5-42C1-9BCE-A23B4ADECE21}
		{33DF1008-90E5-4C3B-B049-F89C8F544D93} = {4894D4E1-10C5-42C1-9BCE-A23B4ADECE21}
		{09F03AD9-5157-4CCE-B65A-2070AB1BD83B} = {87A51DCB-793C-4A52-9CAC-82CCEACA9790}
	EndGlobalSection
EndGlobal
